{
  "requires": true,
  "lockfileVersion": 1,
  "dependencies": {
    "mask-guide": {
      "version": "2.0.10",
      "resolved": "https://registry.npmjs.org/mask-guide/-/mask-guide-2.0.10.tgz",
      "integrity": "sha512-AYgsh08DkevvSnZS99NXzWp6nBvkg/Y+VIG70ZDUXN9P79uOHQrwn5ERIsh4BlUtAtkhQwZG1W5OluLJIdk3Ug=="
    },
    "mk-guide": {
      "version": "1.0.5",
      "resolved": "https://registry.npmjs.org/mk-guide/-/mk-guide-1.0.5.tgz",
      "integrity": "sha512-5Q5BpJaRvgPq/airZyl8fvDjv6jfy1klpX9KFeZv8z8V4bVioKnZdfYNBOgpTkKElVv4soMPewu5I4KPLnKi8w=="
    }
  }
}
